
Microsoft Visual Studio Solution File, Format Version 12.00
# Visual Studio 15
VisualStudioVersion = 15.0.27703.2000
MinimumVisualStudioVersion = 10.0.40219.1
Project("{FAE04EC0-301F-11D3-BF4B-00C04F79EFBC}") = "Ej2", "Ej2\Ej2.csproj", "{BB30F465-5F10-49CD-B694-C57CCE840D96}"
EndProject
Global
	GlobalSection(SolutionConfigurationPlatforms) = preSolution
		Debug|Any CPU = Debug|Any CPU
		Release|Any CPU = Release|Any CPU
	EndGlobalSection
	GlobalSection(ProjectConfigurationPlatforms) = postSolution
		{BB30F465-5F10-49CD-B694-C57CCE840D96}.Debug|Any CPU.ActiveCfg = Debug|Any CPU
		{BB30F465-5F10-49CD-B694-C57CCE840D96}.Debug|Any CPU.Build.0 = Debug|Any CPU
		{BB30F465-5F10-49CD-B694-C57CCE840D96}.Release|Any CPU.ActiveCfg = Release|Any CPU
		{BB30F465-5F10-49CD-B694-C57CCE840D96}.Release|Any CPU.Build.0 = Release|Any CPU
	EndGlobalSection
	GlobalSection(SolutionProperties) = preSolution
		HideSolutionNode = FALSE
	EndGlobalSection
	GlobalSection(ExtensibilityGlobals) = postSolution
		SolutionGuid = {E18FF5B0-88EB-4472-BCE5-1CE8A719D0CE}
	EndGlobalSection
EndGlobal
