
Microsoft Visual Studio Solution File, Format Version 12.00
# Visual Studio 15
VisualStudioVersion = 15.0.27703.2000
MinimumVisualStudioVersion = 10.0.40219.1
Project("{FAE04EC0-301F-11D3-BF4B-00C04F79EFBC}") = "EJ1", "EJ1\EJ1.csproj", "{F4F47129-7B9F-417B-99B5-7233395E82A9}"
EndProject
Global
	GlobalSection(SolutionConfigurationPlatforms) = preSolution
		Debug|Any CPU = Debug|Any CPU
		Release|Any CPU = Release|Any CPU
	EndGlobalSection
	GlobalSection(ProjectConfigurationPlatforms) = postSolution
		{F4F47129-7B9F-417B-99B5-7233395E82A9}.Debug|Any CPU.ActiveCfg = Debug|Any CPU
		{F4F47129-7B9F-417B-99B5-7233395E82A9}.Debug|Any CPU.Build.0 = Debug|Any CPU
		{F4F47129-7B9F-417B-99B5-7233395E82A9}.Release|Any CPU.ActiveCfg = Release|Any CPU
		{F4F47129-7B9F-417B-99B5-7233395E82A9}.Release|Any CPU.Build.0 = Release|Any CPU
	EndGlobalSection
	GlobalSection(SolutionProperties) = preSolution
		HideSolutionNode = FALSE
	EndGlobalSection
	GlobalSection(ExtensibilityGlobals) = postSolution
		SolutionGuid = {A1B40B40-89D8-4C90-B497-2CE65329B4FA}
	EndGlobalSection
EndGlobal
